{
  "originHash" : "6ef1f698876017feda7c64375940c9d121976bd484130f83f520d14421c218e8",
  "pins" : [
    {
      "identity" : "locationregisterkit",
      "kind" : "remoteSourceControl",
      "location" : "https://github.com/matias-spinelli/LocationRegisterKit.git",
      "state" : {
        "revision" : "3bb553f55213eba2b3427b8a788406729b114719",
        "version" : "1.1.16"
      }
    }
  ],
  "version" : 3
}
