{
  "originHash" : "6ef1f698876017feda7c64375940c9d121976bd484130f83f520d14421c218e8",
  "pins" : [
    {
      "identity" : "locationregisterkit",
      "kind" : "remoteSourceControl",
      "location" : "https://github.com/matias-spinelli/LocationRegisterKit.git",
      "state" : {
        "revision" : "46faf8e1d30b671bf540b45bf9a05e4b10efdbcf",
        "version" : "1.1.2"
      }
    }
  ],
  "version" : 3
}
